// !$*UTF8*$!
{
	archiveVersion = 1;
	classes = {
	};
	objectVersion = 56;
	objects = {

/* Begin PBXBuildFile section */
		7F3335E12A402D92003E901D /* RepositoriesViewModel.swift in Sources */ = {isa = PBXBuildFile; fileRef = 7F3335E02A402D92003E901D /* RepositoriesViewModel.swift */; };
		7F3335E42A405DA8003E901D /* UIImageView+Extension.swift in Sources */ = {isa = PBXBuildFile; fileRef = 7F3335E32A405DA8003E901D /* UIImageView+Extension.swift */; };
		7FE397882A40CD2700DBA560 /* Array+Extension.swift in Sources */ = {isa = PBXBuildFile; fileRef = 7FE397872A40CD2700DBA560 /* Array+Extension.swift */; };
		7FE3978A2A40D56900DBA560 /* SearchResultViewController.swift in Sources */ = {isa = PBXBuildFile; fileRef = 7FE397892A40D56900DBA560 /* SearchResultViewController.swift */; };
		7FE3978C2A40F4A800DBA560 /* RepositoryDetailsViewController.swift in Sources */ = {isa = PBXBuildFile; fileRef = 7FE3978B2A40F4A800DBA560 /* RepositoryDetailsViewController.swift */; };
		7FEB59692A3F7C8D0042806B /* AppDelegate.swift in Sources */ = {isa = PBXBuildFile; fileRef = 7FEB59682A3F7C8D0042806B /* AppDelegate.swift */; };
		7FEB59702A3F7C8D0042806B /* Main.storyboard in Resources */ = {isa = PBXBuildFile; fileRef = 7FEB596E2A3F7C8D0042806B /* Main.storyboard */; };
		7FEB59732A3F7C8D0042806B /* RepoTask.xcdatamodeld in Sources */ = {isa = PBXBuildFile; fileRef = 7FEB59712A3F7C8D0042806B /* RepoTask.xcdatamodeld */; };
		7FEB59752A3F7C8F0042806B /* Assets.xcassets in Resources */ = {isa = PBXBuildFile; fileRef = 7FEB59742A3F7C8F0042806B /* Assets.xcassets */; };
		7FEB59782A3F7C8F0042806B /* LaunchScreen.storyboard in Resources */ = {isa = PBXBuildFile; fileRef = 7FEB59762A3F7C8F0042806B /* LaunchScreen.storyboard */; };
		7FEB59832A3F7C900042806B /* RepoTaskTests.swift in Sources */ = {isa = PBXBuildFile; fileRef = 7FEB59822A3F7C900042806B /* RepoTaskTests.swift */; };
		7FEB598D2A3F7C900042806B /* RepoTaskUITests.swift in Sources */ = {isa = PBXBuildFile; fileRef = 7FEB598C2A3F7C900042806B /* RepoTaskUITests.swift */; };
		7FEB598F2A3F7C900042806B /* RepoTaskUITestsLaunchTests.swift in Sources */ = {isa = PBXBuildFile; fileRef = 7FEB598E2A3F7C900042806B /* RepoTaskUITestsLaunchTests.swift */; };
		7FEB599E2A3F89530042806B /* CombineRequestManager.swift in Sources */ = {isa = PBXBuildFile; fileRef = 7FEB599D2A3F89530042806B /* CombineRequestManager.swift */; };
		7FEB59A02A3F89680042806B /* ErorrMessage.swift in Sources */ = {isa = PBXBuildFile; fileRef = 7FEB599F2A3F89680042806B /* ErorrMessage.swift */; };
		7FEB59A22A3F898E0042806B /* EndPoint.swift in Sources */ = {isa = PBXBuildFile; fileRef = 7FEB59A12A3F898E0042806B /* EndPoint.swift */; };
		7FEB59A52A3F89EC0042806B /* UITableView+Extension.swift in Sources */ = {isa = PBXBuildFile; fileRef = 7FEB59A42A3F89EC0042806B /* UITableView+Extension.swift */; };
		7FEB59A72A3F8A340042806B /* API.swift in Sources */ = {isa = PBXBuildFile; fileRef = 7FEB59A62A3F8A340042806B /* API.swift */; };
		7FEB59AB2A3F8BDB0042806B /* RepoRepository.swift in Sources */ = {isa = PBXBuildFile; fileRef = 7FEB59AA2A3F8BDB0042806B /* RepoRepository.swift */; };
		7FEB59AE2A3F8C470042806B /* Repository.swift in Sources */ = {isa = PBXBuildFile; fileRef = 7FEB59AD2A3F8C470042806B /* Repository.swift */; };
		7FEB59B02A3F8C690042806B /* Owner.swift in Sources */ = {isa = PBXBuildFile; fileRef = 7FEB59AF2A3F8C690042806B /* Owner.swift */; };
		7FEB59B32A3F9D810042806B /* RepositoriesViewController.swift in Sources */ = {isa = PBXBuildFile; fileRef = 7FEB59B22A3F9D810042806B /* RepositoriesViewController.swift */; };
		7FEB59B72A3FA0CA0042806B /* RepoTableViewCell.swift in Sources */ = {isa = PBXBuildFile; fileRef = 7FEB59B52A3FA0CA0042806B /* RepoTableViewCell.swift */; };
		7FEB59B82A3FA0CA0042806B /* RepoTableViewCell.xib in Resources */ = {isa = PBXBuildFile; fileRef = 7FEB59B62A3FA0CA0042806B /* RepoTableViewCell.xib */; };
		A2789D1BEF8E511D2F093808 /* Pods_RepoTask.framework in Frameworks */ = {isa = PBXBuildFile; fileRef = 933A310F4968038FA57CA415 /* Pods_RepoTask.framework */; };
		AC741BED2C5E4F4BA628248C /* Pods_RepoTaskTests.framework in Frameworks */ = {isa = PBXBuildFile; fileRef = 80E76492A814E0D96DC9F1CF /* Pods_RepoTaskTests.framework */; };
		BE9B9E727662B28E4C407D7C /* Pods_RepoTask_RepoTaskUITests.framework in Frameworks */ = {isa = PBXBuildFile; fileRef = B5EF4ACAA3D2B7E8AA52A8EB /* Pods_RepoTask_RepoTaskUITests.framework */; };
/* End PBXBuildFile section */

/* Begin PBXContainerItemProxy section */
		7FEB597F2A3F7C900042806B /* PBXContainerItemProxy */ = {
			isa = PBXContainerItemProxy;
			containerPortal = 7FEB595D2A3F7C8D0042806B /* Project object */;
			proxyType = 1;
			remoteGlobalIDString = 7FEB59642A3F7C8D0042806B;
			remoteInfo = RepoTask;
		};
		7FEB59892A3F7C900042806B /* PBXContainerItemProxy */ = {
			isa = PBXContainerItemProxy;
			containerPortal = 7FEB595D2A3F7C8D0042806B /* Project object */;
			proxyType = 1;
			remoteGlobalIDString = 7FEB59642A3F7C8D0042806B;
			remoteInfo = RepoTask;
		};
/* End PBXContainerItemProxy section */

/* Begin PBXFileReference section */
		04742A986E4F66F4EA46F466 /* Pods-RepoTask-RepoTaskUITests.release.xcconfig */ = {isa = PBXFileReference; includeInIndex = 1; lastKnownFileType = text.xcconfig; name = "Pods-RepoTask-RepoTaskUITests.release.xcconfig"; path = "Target Support Files/Pods-RepoTask-RepoTaskUITests/Pods-RepoTask-RepoTaskUITests.release.xcconfig"; sourceTree = "<group>"; };
		5DCA099C4FD813E84238EF93 /* Pods-RepoTaskTests.debug.xcconfig */ = {isa = PBXFileReference; includeInIndex = 1; lastKnownFileType = text.xcconfig; name = "Pods-RepoTaskTests.debug.xcconfig"; path = "Target Support Files/Pods-RepoTaskTests/Pods-RepoTaskTests.debug.xcconfig"; sourceTree = "<group>"; };
		6D1B538FD21F22B07CC565A3 /* Pods-RepoTaskTests.release.xcconfig */ = {isa = PBXFileReference; includeInIndex = 1; lastKnownFileType = text.xcconfig; name = "Pods-RepoTaskTests.release.xcconfig"; path = "Target Support Files/Pods-RepoTaskTests/Pods-RepoTaskTests.release.xcconfig"; sourceTree = "<group>"; };
		79D047D8B39FB3D13B78E504 /* Pods-RepoTask-RepoTaskUITests.debug.xcconfig */ = {isa = PBXFileReference; includeInIndex = 1; lastKnownFileType = text.xcconfig; name = "Pods-RepoTask-RepoTaskUITests.debug.xcconfig"; path = "Target Support Files/Pods-RepoTask-RepoTaskUITests/Pods-RepoTask-RepoTaskUITests.debug.xcconfig"; sourceTree = "<group>"; };
		7F3335E02A402D92003E901D /* RepositoriesViewModel.swift */ = {isa = PBXFileReference; lastKnownFileType = sourcecode.swift; path = RepositoriesViewModel.swift; sourceTree = "<group>"; };
		7F3335E32A405DA8003E901D /* UIImageView+Extension.swift */ = {isa = PBXFileReference; lastKnownFileType = sourcecode.swift; path = "UIImageView+Extension.swift"; sourceTree = "<group>"; };
		7FE397872A40CD2700DBA560 /* Array+Extension.swift */ = {isa = PBXFileReference; lastKnownFileType = sourcecode.swift; path = "Array+Extension.swift"; sourceTree = "<group>"; };
		7FE397892A40D56900DBA560 /* SearchResultViewController.swift */ = {isa = PBXFileReference; lastKnownFileType = sourcecode.swift; path = SearchResultViewController.swift; sourceTree = "<group>"; };
		7FE3978B2A40F4A800DBA560 /* RepositoryDetailsViewController.swift */ = {isa = PBXFileReference; lastKnownFileType = sourcecode.swift; path = RepositoryDetailsViewController.swift; sourceTree = "<group>"; };
		7FEB59652A3F7C8D0042806B /* RepoTask.app */ = {isa = PBXFileReference; explicitFileType = wrapper.application; includeInIndex = 0; path = RepoTask.app; sourceTree = BUILT_PRODUCTS_DIR; };
		7FEB59682A3F7C8D0042806B /* AppDelegate.swift */ = {isa = PBXFileReference; lastKnownFileType = sourcecode.swift; path = AppDelegate.swift; sourceTree = "<group>"; };
		7FEB596F2A3F7C8D0042806B /* Base */ = {isa = PBXFileReference; lastKnownFileType = file.storyboard; name = Base; path = Base.lproj/Main.storyboard; sourceTree = "<group>"; };
		7FEB59722A3F7C8D0042806B /* RepoTask.xcdatamodel */ = {isa = PBXFileReference; lastKnownFileType = wrapper.xcdatamodel; path = RepoTask.xcdatamodel; sourceTree = "<group>"; };
		7FEB59742A3F7C8F0042806B /* Assets.xcassets */ = {isa = PBXFileReference; lastKnownFileType = folder.assetcatalog; path = Assets.xcassets; sourceTree = "<group>"; };
		7FEB59772A3F7C8F0042806B /* Base */ = {isa = PBXFileReference; lastKnownFileType = file.storyboard; name = Base; path = Base.lproj/LaunchScreen.storyboard; sourceTree = "<group>"; };
		7FEB59792A3F7C8F0042806B /* Info.plist */ = {isa = PBXFileReference; lastKnownFileType = text.plist.xml; path = Info.plist; sourceTree = "<group>"; };
		7FEB597E2A3F7C900042806B /* RepoTaskTests.xctest */ = {isa = PBXFileReference; explicitFileType = wrapper.cfbundle; includeInIndex = 0; path = RepoTaskTests.xctest; sourceTree = BUILT_PRODUCTS_DIR; };
		7FEB59822A3F7C900042806B /* RepoTaskTests.swift */ = {isa = PBXFileReference; lastKnownFileType = sourcecode.swift; path = RepoTaskTests.swift; sourceTree = "<group>"; };
		7FEB59882A3F7C900042806B /* RepoTaskUITests.xctest */ = {isa = PBXFileReference; explicitFileType = wrapper.cfbundle; includeInIndex = 0; path = RepoTaskUITests.xctest; sourceTree = BUILT_PRODUCTS_DIR; };
		7FEB598C2A3F7C900042806B /* RepoTaskUITests.swift */ = {isa = PBXFileReference; lastKnownFileType = sourcecode.swift; path = RepoTaskUITests.swift; sourceTree = "<group>"; };
		7FEB598E2A3F7C900042806B /* RepoTaskUITestsLaunchTests.swift */ = {isa = PBXFileReference; lastKnownFileType = sourcecode.swift; path = RepoTaskUITestsLaunchTests.swift; sourceTree = "<group>"; };
		7FEB599D2A3F89530042806B /* CombineRequestManager.swift */ = {isa = PBXFileReference; lastKnownFileType = sourcecode.swift; path = CombineRequestManager.swift; sourceTree = "<group>"; };
		7FEB599F2A3F89680042806B /* ErorrMessage.swift */ = {isa = PBXFileReference; lastKnownFileType = sourcecode.swift; path = ErorrMessage.swift; sourceTree = "<group>"; };
		7FEB59A12A3F898E0042806B /* EndPoint.swift */ = {isa = PBXFileReference; lastKnownFileType = sourcecode.swift; path = EndPoint.swift; sourceTree = "<group>"; };
		7FEB59A42A3F89EC0042806B /* UITableView+Extension.swift */ = {isa = PBXFileReference; lastKnownFileType = sourcecode.swift; path = "UITableView+Extension.swift"; sourceTree = "<group>"; };
		7FEB59A62A3F8A340042806B /* API.swift */ = {isa = PBXFileReference; lastKnownFileType = sourcecode.swift; path = API.swift; sourceTree = "<group>"; };
		7FEB59AA2A3F8BDB0042806B /* RepoRepository.swift */ = {isa = PBXFileReference; lastKnownFileType = sourcecode.swift; path = RepoRepository.swift; sourceTree = "<group>"; };
		7FEB59AD2A3F8C470042806B /* Repository.swift */ = {isa = PBXFileReference; lastKnownFileType = sourcecode.swift; path = Repository.swift; sourceTree = "<group>"; };
		7FEB59AF2A3F8C690042806B /* Owner.swift */ = {isa = PBXFileReference; lastKnownFileType = sourcecode.swift; path = Owner.swift; sourceTree = "<group>"; };
		7FEB59B22A3F9D810042806B /* RepositoriesViewController.swift */ = {isa = PBXFileReference; lastKnownFileType = sourcecode.swift; path = RepositoriesViewController.swift; sourceTree = "<group>"; };
		7FEB59B52A3FA0CA0042806B /* RepoTableViewCell.swift */ = {isa = PBXFileReference; lastKnownFileType = sourcecode.swift; name = RepoTableViewCell.swift; path = RepoTableViewCell/RepoTableViewCell.swift; sourceTree = "<group>"; };
		7FEB59B62A3FA0CA0042806B /* RepoTableViewCell.xib */ = {isa = PBXFileReference; lastKnownFileType = file.xib; name = RepoTableViewCell.xib; path = RepoTableViewCell/RepoTableViewCell.xib; sourceTree = "<group>"; };
		80E76492A814E0D96DC9F1CF /* Pods_RepoTaskTests.framework */ = {isa = PBXFileReference; explicitFileType = wrapper.framework; includeInIndex = 0; path = Pods_RepoTaskTests.framework; sourceTree = BUILT_PRODUCTS_DIR; };
		85B05322CA9C8BD2F142A1E7 /* Pods-RepoTask.debug.xcconfig */ = {isa = PBXFileReference; includeInIndex = 1; lastKnownFileType = text.xcconfig; name = "Pods-RepoTask.debug.xcconfig"; path = "Target Support Files/Pods-RepoTask/Pods-RepoTask.debug.xcconfig"; sourceTree = "<group>"; };
		933A310F4968038FA57CA415 /* Pods_RepoTask.framework */ = {isa = PBXFileReference; explicitFileType = wrapper.framework; includeInIndex = 0; path = Pods_RepoTask.framework; sourceTree = BUILT_PRODUCTS_DIR; };
		B5EF4ACAA3D2B7E8AA52A8EB /* Pods_RepoTask_RepoTaskUITests.framework */ = {isa = PBXFileReference; explicitFileType = wrapper.framework; includeInIndex = 0; path = Pods_RepoTask_RepoTaskUITests.framework; sourceTree = BUILT_PRODUCTS_DIR; };
		D34EFA748C0D291C6564F32B /* Pods-RepoTask.release.xcconfig */ = {isa = PBXFileReference; includeInIndex = 1; lastKnownFileType = text.xcconfig; name = "Pods-RepoTask.release.xcconfig"; path = "Target Support Files/Pods-RepoTask/Pods-RepoTask.release.xcconfig"; sourceTree = "<group>"; };
/* End PBXFileReference section */

/* Begin PBXFrameworksBuildPhase section */
		7FEB59622A3F7C8D0042806B /* Frameworks */ = {
			isa = PBXFrameworksBuildPhase;
			buildActionMask = 2147483647;
			files = (
				A2789D1BEF8E511D2F093808 /* Pods_RepoTask.framework in Frameworks */,
			);
			runOnlyForDeploymentPostprocessing = 0;
		};
		7FEB597B2A3F7C900042806B /* Frameworks */ = {
			isa = PBXFrameworksBuildPhase;
			buildActionMask = 2147483647;
			files = (
				AC741BED2C5E4F4BA628248C /* Pods_RepoTaskTests.framework in Frameworks */,
			);
			runOnlyForDeploymentPostprocessing = 0;
		};
		7FEB59852A3F7C900042806B /* Frameworks */ = {
			isa = PBXFrameworksBuildPhase;
			buildActionMask = 2147483647;
			files = (
				BE9B9E727662B28E4C407D7C /* Pods_RepoTask_RepoTaskUITests.framework in Frameworks */,
			);
			runOnlyForDeploymentPostprocessing = 0;
		};
/* End PBXFrameworksBuildPhase section */

/* Begin PBXGroup section */
		1D91497B28B5B8589CCE518A /* Frameworks */ = {
			isa = PBXGroup;
			children = (
				933A310F4968038FA57CA415 /* Pods_RepoTask.framework */,
				B5EF4ACAA3D2B7E8AA52A8EB /* Pods_RepoTask_RepoTaskUITests.framework */,
				80E76492A814E0D96DC9F1CF /* Pods_RepoTaskTests.framework */,
			);
			name = Frameworks;
			sourceTree = "<group>";
		};
		4646996B5B23D5F97FDC2126 /* Pods */ = {
			isa = PBXGroup;
			children = (
				85B05322CA9C8BD2F142A1E7 /* Pods-RepoTask.debug.xcconfig */,
				D34EFA748C0D291C6564F32B /* Pods-RepoTask.release.xcconfig */,
				79D047D8B39FB3D13B78E504 /* Pods-RepoTask-RepoTaskUITests.debug.xcconfig */,
				04742A986E4F66F4EA46F466 /* Pods-RepoTask-RepoTaskUITests.release.xcconfig */,
				5DCA099C4FD813E84238EF93 /* Pods-RepoTaskTests.debug.xcconfig */,
				6D1B538FD21F22B07CC565A3 /* Pods-RepoTaskTests.release.xcconfig */,
			);
			path = Pods;
			sourceTree = "<group>";
		};
		7F3335DF2A402D71003E901D /* ViewModel */ = {
			isa = PBXGroup;
			children = (
				7F3335E02A402D92003E901D /* RepositoriesViewModel.swift */,
			);
			path = ViewModel;
			sourceTree = "<group>";
		};
		7FEB595C2A3F7C8D0042806B = {
			isa = PBXGroup;
			children = (
				7FEB59672A3F7C8D0042806B /* RepoTask */,
				7FEB59812A3F7C900042806B /* RepoTaskTests */,
				7FEB598B2A3F7C900042806B /* RepoTaskUITests */,
				7FEB59662A3F7C8D0042806B /* Products */,
				4646996B5B23D5F97FDC2126 /* Pods */,
				1D91497B28B5B8589CCE518A /* Frameworks */,
			);
			sourceTree = "<group>";
		};
		7FEB59662A3F7C8D0042806B /* Products */ = {
			isa = PBXGroup;
			children = (
				7FEB59652A3F7C8D0042806B /* RepoTask.app */,
				7FEB597E2A3F7C900042806B /* RepoTaskTests.xctest */,
				7FEB59882A3F7C900042806B /* RepoTaskUITests.xctest */,
			);
			name = Products;
			sourceTree = "<group>";
		};
		7FEB59672A3F7C8D0042806B /* RepoTask */ = {
			isa = PBXGroup;
			children = (
				7FEB59A82A3F8B5B0042806B /* RepositoriesModule */,
				7FEB599B2A3F892A0042806B /* Utilities */,
				7FEB59682A3F7C8D0042806B /* AppDelegate.swift */,
				7FEB596E2A3F7C8D0042806B /* Main.storyboard */,
				7FEB59742A3F7C8F0042806B /* Assets.xcassets */,
				7FEB59762A3F7C8F0042806B /* LaunchScreen.storyboard */,
				7FEB59792A3F7C8F0042806B /* Info.plist */,
				7FEB59712A3F7C8D0042806B /* RepoTask.xcdatamodeld */,
			);
			path = RepoTask;
			sourceTree = "<group>";
		};
		7FEB59812A3F7C900042806B /* RepoTaskTests */ = {
			isa = PBXGroup;
			children = (
				7FEB59822A3F7C900042806B /* RepoTaskTests.swift */,
			);
			path = RepoTaskTests;
			sourceTree = "<group>";
		};
		7FEB598B2A3F7C900042806B /* RepoTaskUITests */ = {
			isa = PBXGroup;
			children = (
				7FEB598C2A3F7C900042806B /* RepoTaskUITests.swift */,
				7FEB598E2A3F7C900042806B /* RepoTaskUITestsLaunchTests.swift */,
			);
			path = RepoTaskUITests;
			sourceTree = "<group>";
		};
		7FEB599B2A3F892A0042806B /* Utilities */ = {
			isa = PBXGroup;
			children = (
				7FEB59A32A3F89D70042806B /* Extensions */,
				7FEB599C2A3F89400042806B /* NetworkManager */,
			);
			path = Utilities;
			sourceTree = "<group>";
		};
		7FEB599C2A3F89400042806B /* NetworkManager */ = {
			isa = PBXGroup;
			children = (
				7FEB599D2A3F89530042806B /* CombineRequestManager.swift */,
				7FEB599F2A3F89680042806B /* ErorrMessage.swift */,
				7FEB59A12A3F898E0042806B /* EndPoint.swift */,
				7FEB59A62A3F8A340042806B /* API.swift */,
			);
			path = NetworkManager;
			sourceTree = "<group>";
		};
		7FEB59A32A3F89D70042806B /* Extensions */ = {
			isa = PBXGroup;
			children = (
				7FEB59A42A3F89EC0042806B /* UITableView+Extension.swift */,
				7F3335E32A405DA8003E901D /* UIImageView+Extension.swift */,
				7FE397872A40CD2700DBA560 /* Array+Extension.swift */,
			);
			path = Extensions;
			sourceTree = "<group>";
		};
		7FEB59A82A3F8B5B0042806B /* RepositoriesModule */ = {
			isa = PBXGroup;
			children = (
				7F3335DF2A402D71003E901D /* ViewModel */,
				7FEB59B42A3FA0A70042806B /* View */,
				7FEB59B12A3F92610042806B /* ViewController */,
				7FEB59AC2A3F8BFD0042806B /* Model */,
				7FEB59A92A3F8B7E0042806B /* DataAccess */,
			);
			path = RepositoriesModule;
			sourceTree = "<group>";
		};
		7FEB59A92A3F8B7E0042806B /* DataAccess */ = {
			isa = PBXGroup;
			children = (
				7FEB59AA2A3F8BDB0042806B /* RepoRepository.swift */,
			);
			path = DataAccess;
			sourceTree = "<group>";
		};
		7FEB59AC2A3F8BFD0042806B /* Model */ = {
			isa = PBXGroup;
			children = (
				7FEB59AD2A3F8C470042806B /* Repository.swift */,
				7FEB59AF2A3F8C690042806B /* Owner.swift */,
			);
			path = Model;
			sourceTree = "<group>";
		};
		7FEB59B12A3F92610042806B /* ViewController */ = {
			isa = PBXGroup;
			children = (
				7FEB59B22A3F9D810042806B /* RepositoriesViewController.swift */,
				7FE397892A40D56900DBA560 /* SearchResultViewController.swift */,
				7FE3978B2A40F4A800DBA560 /* RepositoryDetailsViewController.swift */,
			);
			path = ViewController;
			sourceTree = "<group>";
		};
		7FEB59B42A3FA0A70042806B /* View */ = {
			isa = PBXGroup;
			children = (
				7FEB59B52A3FA0CA0042806B /* RepoTableViewCell.swift */,
				7FEB59B62A3FA0CA0042806B /* RepoTableViewCell.xib */,
			);
			path = View;
			sourceTree = "<group>";
		};
/* End PBXGroup section */

/* Begin PBXNativeTarget section */
		7FEB59642A3F7C8D0042806B /* RepoTask */ = {
			isa = PBXNativeTarget;
			buildConfigurationList = 7FEB59922A3F7C900042806B /* Build configuration list for PBXNativeTarget "RepoTask" */;
			buildPhases = (
				5AB1E89493844E61A3DB25DC /* [CP] Check Pods Manifest.lock */,
				7FEB59612A3F7C8D0042806B /* Sources */,
				7FEB59622A3F7C8D0042806B /* Frameworks */,
				7FEB59632A3F7C8D0042806B /* Resources */,
				B5801863F06DE0798F0B65EF /* [CP] Embed Pods Frameworks */,
			);
			buildRules = (
			);
			dependencies = (
			);
			name = RepoTask;
			productName = RepoTask;
			productReference = 7FEB59652A3F7C8D0042806B /* RepoTask.app */;
			productType = "com.apple.product-type.application";
		};
		7FEB597D2A3F7C900042806B /* RepoTaskTests */ = {
			isa = PBXNativeTarget;
			buildConfigurationList = 7FEB59952A3F7C900042806B /* Build configuration list for PBXNativeTarget "RepoTaskTests" */;
			buildPhases = (
				66B4C3A35B178FDB9FC83228 /* [CP] Check Pods Manifest.lock */,
				7FEB597A2A3F7C900042806B /* Sources */,
				7FEB597B2A3F7C900042806B /* Frameworks */,
				7FEB597C2A3F7C900042806B /* Resources */,
			);
			buildRules = (
			);
			dependencies = (
				7FEB59802A3F7C900042806B /* PBXTargetDependency */,
			);
			name = RepoTaskTests;
			productName = RepoTaskTests;
			productReference = 7FEB597E2A3F7C900042806B /* RepoTaskTests.xctest */;
			productType = "com.apple.product-type.bundle.unit-test";
		};
		7FEB59872A3F7C900042806B /* RepoTaskUITests */ = {
			isa = PBXNativeTarget;
			buildConfigurationList = 7FEB59982A3F7C900042806B /* Build configuration list for PBXNativeTarget "RepoTaskUITests" */;
			buildPhases = (
				F9FA87FE9676561256815A4A /* [CP] Check Pods Manifest.lock */,
				7FEB59842A3F7C900042806B /* Sources */,
				7FEB59852A3F7C900042806B /* Frameworks */,
				7FEB59862A3F7C900042806B /* Resources */,
				22CBE96698F854068B12B9B3 /* [CP] Embed Pods Frameworks */,
			);
			buildRules = (
			);
			dependencies = (
				7FEB598A2A3F7C900042806B /* PBXTargetDependency */,
			);
			name = RepoTaskUITests;
			productName = RepoTaskUITests;
			productReference = 7FEB59882A3F7C900042806B /* RepoTaskUITests.xctest */;
			productType = "com.apple.product-type.bundle.ui-testing";
		};
/* End PBXNativeTarget section */

/* Begin PBXProject section */
		7FEB595D2A3F7C8D0042806B /* Project object */ = {
			isa = PBXProject;
			attributes = {
				BuildIndependentTargetsInParallel = 1;
				LastSwiftUpdateCheck = 1420;
				LastUpgradeCheck = 1420;
				TargetAttributes = {
					7FEB59642A3F7C8D0042806B = {
						CreatedOnToolsVersion = 14.2;
					};
					7FEB597D2A3F7C900042806B = {
						CreatedOnToolsVersion = 14.2;
						TestTargetID = 7FEB59642A3F7C8D0042806B;
					};
					7FEB59872A3F7C900042806B = {
						CreatedOnToolsVersion = 14.2;
						TestTargetID = 7FEB59642A3F7C8D0042806B;
					};
				};
			};
			buildConfigurationList = 7FEB59602A3F7C8D0042806B /* Build configuration list for PBXProject "RepoTask" */;
			compatibilityVersion = "Xcode 14.0";
			developmentRegion = en;
			hasScannedForEncodings = 0;
			knownRegions = (
				en,
				Base,
			);
			mainGroup = 7FEB595C2A3F7C8D0042806B;
			productRefGroup = 7FEB59662A3F7C8D0042806B /* Products */;
			projectDirPath = "";
			projectRoot = "";
			targets = (
				7FEB59642A3F7C8D0042806B /* RepoTask */,
				7FEB597D2A3F7C900042806B /* RepoTaskTests */,
				7FEB59872A3F7C900042806B /* RepoTaskUITests */,
			);
		};
/* End PBXProject section */

/* Begin PBXResourcesBuildPhase section */
		7FEB59632A3F7C8D0042806B /* Resources */ = {
			isa = PBXResourcesBuildPhase;
			buildActionMask = 2147483647;
			files = (
				7FEB59782A3F7C8F0042806B /* LaunchScreen.storyboard in Resources */,
				7FEB59752A3F7C8F0042806B /* Assets.xcassets in Resources */,
				7FEB59702A3F7C8D0042806B /* Main.storyboard in Resources */,
				7FEB59B82A3FA0CA0042806B /* RepoTableViewCell.xib in Resources */,
			);
			runOnlyForDeploymentPostprocessing = 0;
		};
		7FEB597C2A3F7C900042806B /* Resources */ = {
			isa = PBXResourcesBuildPhase;
			buildActionMask = 2147483647;
			files = (
			);
			runOnlyForDeploymentPostprocessing = 0;
		};
		7FEB59862A3F7C900042806B /* Resources */ = {
			isa = PBXResourcesBuildPhase;
			buildActionMask = 2147483647;
			files = (
			);
			runOnlyForDeploymentPostprocessing = 0;
		};
/* End PBXResourcesBuildPhase section */

/* Begin PBXShellScriptBuildPhase section */
		22CBE96698F854068B12B9B3 /* [CP] Embed Pods Frameworks */ = {
			isa = PBXShellScriptBuildPhase;
			buildActionMask = 2147483647;
			files = (
			);
			inputFileListPaths = (
				"${PODS_ROOT}/Target Support Files/Pods-RepoTask-RepoTaskUITests/Pods-RepoTask-RepoTaskUITests-frameworks-${CONFIGURATION}-input-files.xcfilelist",
			);
			name = "[CP] Embed Pods Frameworks";
			outputFileListPaths = (
				"${PODS_ROOT}/Target Support Files/Pods-RepoTask-RepoTaskUITests/Pods-RepoTask-RepoTaskUITests-frameworks-${CONFIGURATION}-output-files.xcfilelist",
			);
			runOnlyForDeploymentPostprocessing = 0;
			shellPath = /bin/sh;
			shellScript = "\"${PODS_ROOT}/Target Support Files/Pods-RepoTask-RepoTaskUITests/Pods-RepoTask-RepoTaskUITests-frameworks.sh\"\n";
			showEnvVarsInLog = 0;
		};
		5AB1E89493844E61A3DB25DC /* [CP] Check Pods Manifest.lock */ = {
			isa = PBXShellScriptBuildPhase;
			buildActionMask = 2147483647;
			files = (
			);
			inputFileListPaths = (
			);
			inputPaths = (
				"${PODS_PODFILE_DIR_PATH}/Podfile.lock",
				"${PODS_ROOT}/Manifest.lock",
			);
			name = "[CP] Check Pods Manifest.lock";
			outputFileListPaths = (
			);
			outputPaths = (
				"$(DERIVED_FILE_DIR)/Pods-RepoTask-checkManifestLockResult.txt",
			);
			runOnlyForDeploymentPostprocessing = 0;
			shellPath = /bin/sh;
			shellScript = "diff \"${PODS_PODFILE_DIR_PATH}/Podfile.lock\" \"${PODS_ROOT}/Manifest.lock\" > /dev/null\nif [ $? != 0 ] ; then\n    # print error to STDERR\n    echo \"error: The sandbox is not in sync with the Podfile.lock. Run 'pod install' or update your CocoaPods installation.\" >&2\n    exit 1\nfi\n# This output is used by Xcode 'outputs' to avoid re-running this script phase.\necho \"SUCCESS\" > \"${SCRIPT_OUTPUT_FILE_0}\"\n";
			showEnvVarsInLog = 0;
		};
		66B4C3A35B178FDB9FC83228 /* [CP] Check Pods Manifest.lock */ = {
			isa = PBXShellScriptBuildPhase;
			buildActionMask = 2147483647;
			files = (
			);
			inputFileListPaths = (
			);
			inputPaths = (
				"${PODS_PODFILE_DIR_PATH}/Podfile.lock",
				"${PODS_ROOT}/Manifest.lock",
			);
			name = "[CP] Check Pods Manifest.lock";
			outputFileListPaths = (
			);
			outputPaths = (
				"$(DERIVED_FILE_DIR)/Pods-RepoTaskTests-checkManifestLockResult.txt",
			);
			runOnlyForDeploymentPostprocessing = 0;
			shellPath = /bin/sh;
			shellScript = "diff \"${PODS_PODFILE_DIR_PATH}/Podfile.lock\" \"${PODS_ROOT}/Manifest.lock\" > /dev/null\nif [ $? != 0 ] ; then\n    # print error to STDERR\n    echo \"error: The sandbox is not in sync with the Podfile.lock. Run 'pod install' or update your CocoaPods installation.\" >&2\n    exit 1\nfi\n# This output is used by Xcode 'outputs' to avoid re-running this script phase.\necho \"SUCCESS\" > \"${SCRIPT_OUTPUT_FILE_0}\"\n";
			showEnvVarsInLog = 0;
		};
		B5801863F06DE0798F0B65EF /* [CP] Embed Pods Frameworks */ = {
			isa = PBXShellScriptBuildPhase;
			buildActionMask = 2147483647;
			files = (
			);
			inputFileListPaths = (
				"${PODS_ROOT}/Target Support Files/Pods-RepoTask/Pods-RepoTask-frameworks-${CONFIGURATION}-input-files.xcfilelist",
			);
			name = "[CP] Embed Pods Frameworks";
			outputFileListPaths = (
				"${PODS_ROOT}/Target Support Files/Pods-RepoTask/Pods-RepoTask-frameworks-${CONFIGURATION}-output-files.xcfilelist",
			);
			runOnlyForDeploymentPostprocessing = 0;
			shellPath = /bin/sh;
			shellScript = "\"${PODS_ROOT}/Target Support Files/Pods-RepoTask/Pods-RepoTask-frameworks.sh\"\n";
			showEnvVarsInLog = 0;
		};
		F9FA87FE9676561256815A4A /* [CP] Check Pods Manifest.lock */ = {
			isa = PBXShellScriptBuildPhase;
			buildActionMask = 2147483647;
			files = (
			);
			inputFileListPaths = (
			);
			inputPaths = (
				"${PODS_PODFILE_DIR_PATH}/Podfile.lock",
				"${PODS_ROOT}/Manifest.lock",
			);
			name = "[CP] Check Pods Manifest.lock";
			outputFileListPaths = (
			);
			outputPaths = (
				"$(DERIVED_FILE_DIR)/Pods-RepoTask-RepoTaskUITests-checkManifestLockResult.txt",
			);
			runOnlyForDeploymentPostprocessing = 0;
			shellPath = /bin/sh;
			shellScript = "diff \"${PODS_PODFILE_DIR_PATH}/Podfile.lock\" \"${PODS_ROOT}/Manifest.lock\" > /dev/null\nif [ $? != 0 ] ; then\n    # print error to STDERR\n    echo \"error: The sandbox is not in sync with the Podfile.lock. Run 'pod install' or update your CocoaPods installation.\" >&2\n    exit 1\nfi\n# This output is used by Xcode 'outputs' to avoid re-running this script phase.\necho \"SUCCESS\" > \"${SCRIPT_OUTPUT_FILE_0}\"\n";
			showEnvVarsInLog = 0;
		};
/* End PBXShellScriptBuildPhase section */

/* Begin PBXSourcesBuildPhase section */
		7FEB59612A3F7C8D0042806B /* Sources */ = {
			isa = PBXSourcesBuildPhase;
			buildActionMask = 2147483647;
			files = (
				7FEB59B32A3F9D810042806B /* RepositoriesViewController.swift in Sources */,
				7FEB59A22A3F898E0042806B /* EndPoint.swift in Sources */,
				7F3335E42A405DA8003E901D /* UIImageView+Extension.swift in Sources */,
				7FEB59A52A3F89EC0042806B /* UITableView+Extension.swift in Sources */,
				7FEB59692A3F7C8D0042806B /* AppDelegate.swift in Sources */,
				7FEB59732A3F7C8D0042806B /* RepoTask.xcdatamodeld in Sources */,
				7FE397882A40CD2700DBA560 /* Array+Extension.swift in Sources */,
				7FEB59A02A3F89680042806B /* ErorrMessage.swift in Sources */,
				7FEB59A72A3F8A340042806B /* API.swift in Sources */,
				7F3335E12A402D92003E901D /* RepositoriesViewModel.swift in Sources */,
				7FEB59AE2A3F8C470042806B /* Repository.swift in Sources */,
				7FE3978C2A40F4A800DBA560 /* RepositoryDetailsViewController.swift in Sources */,
				7FEB59B02A3F8C690042806B /* Owner.swift in Sources */,
				7FEB59AB2A3F8BDB0042806B /* RepoRepository.swift in Sources */,
				7FEB599E2A3F89530042806B /* CombineRequestManager.swift in Sources */,
				7FE3978A2A40D56900DBA560 /* SearchResultViewController.swift in Sources */,
				7FEB59B72A3FA0CA0042806B /* RepoTableViewCell.swift in Sources */,
			);
			runOnlyForDeploymentPostprocessing = 0;
		};
		7FEB597A2A3F7C900042806B /* Sources */ = {
			isa = PBXSourcesBuildPhase;
			buildActionMask = 2147483647;
			files = (
				7FEB59832A3F7C900042806B /* RepoTaskTests.swift in Sources */,
			);
			runOnlyForDeploymentPostprocessing = 0;
		};
		7FEB59842A3F7C900042806B /* Sources */ = {
			isa = PBXSourcesBuildPhase;
			buildActionMask = 2147483647;
			files = (
				7FEB598F2A3F7C900042806B /* RepoTaskUITestsLaunchTests.swift in Sources */,
				7FEB598D2A3F7C900042806B /* RepoTaskUITests.swift in Sources */,
			);
			runOnlyForDeploymentPostprocessing = 0;
		};
/* End PBXSourcesBuildPhase section */

/* Begin PBXTargetDependency section */
		7FEB59802A3F7C900042806B /* PBXTargetDependency */ = {
			isa = PBXTargetDependency;
			target = 7FEB59642A3F7C8D0042806B /* RepoTask */;
			targetProxy = 7FEB597F2A3F7C900042806B /* PBXContainerItemProxy */;
		};
		7FEB598A2A3F7C900042806B /* PBXTargetDependency */ = {
			isa = PBXTargetDependency;
			target = 7FEB59642A3F7C8D0042806B /* RepoTask */;
			targetProxy = 7FEB59892A3F7C900042806B /* PBXContainerItemProxy */;
		};
/* End PBXTargetDependency section */

/* Begin PBXVariantGroup section */
		7FEB596E2A3F7C8D0042806B /* Main.storyboard */ = {
			isa = PBXVariantGroup;
			children = (
				7FEB596F2A3F7C8D0042806B /* Base */,
			);
			name = Main.storyboard;
			sourceTree = "<group>";
		};
		7FEB59762A3F7C8F0042806B /* LaunchScreen.storyboard */ = {
			isa = PBXVariantGroup;
			children = (
				7FEB59772A3F7C8F0042806B /* Base */,
			);
			name = LaunchScreen.storyboard;
			sourceTree = "<group>";
		};
/* End PBXVariantGroup section */

/* Begin XCBuildConfiguration section */
		7FEB59902A3F7C900042806B /* Debug */ = {
			isa = XCBuildConfiguration;
			buildSettings = {
				ALWAYS_SEARCH_USER_PATHS = NO;
				CLANG_ANALYZER_NONNULL = YES;
				CLANG_ANALYZER_NUMBER_OBJECT_CONVERSION = YES_AGGRESSIVE;
				CLANG_CXX_LANGUAGE_STANDARD = "gnu++20";
				CLANG_ENABLE_MODULES = YES;
				CLANG_ENABLE_OBJC_ARC = YES;
				CLANG_ENABLE_OBJC_WEAK = YES;
				CLANG_WARN_BLOCK_CAPTURE_AUTORELEASING = YES;
				CLANG_WARN_BOOL_CONVERSION = YES;
				CLANG_WARN_COMMA = YES;
				CLANG_WARN_CONSTANT_CONVERSION = YES;
				CLANG_WARN_DEPRECATED_OBJC_IMPLEMENTATIONS = YES;
				CLANG_WARN_DIRECT_OBJC_ISA_USAGE = YES_ERROR;
				CLANG_WARN_DOCUMENTATION_COMMENTS = YES;
				CLANG_WARN_EMPTY_BODY = YES;
				CLANG_WARN_ENUM_CONVERSION = YES;
				CLANG_WARN_INFINITE_RECURSION = YES;
				CLANG_WARN_INT_CONVERSION = YES;
				CLANG_WARN_NON_LITERAL_NULL_CONVERSION = YES;
				CLANG_WARN_OBJC_IMPLICIT_RETAIN_SELF = YES;
				CLANG_WARN_OBJC_LITERAL_CONVERSION = YES;
				CLANG_WARN_OBJC_ROOT_CLASS = YES_ERROR;
				CLANG_WARN_QUOTED_INCLUDE_IN_FRAMEWORK_HEADER = YES;
				CLANG_WARN_RANGE_LOOP_ANALYSIS = YES;
				CLANG_WARN_STRICT_PROTOTYPES = YES;
				CLANG_WARN_SUSPICIOUS_MOVE = YES;
				CLANG_WARN_UNGUARDED_AVAILABILITY = YES_AGGRESSIVE;
				CLANG_WARN_UNREACHABLE_CODE = YES;
				CLANG_WARN__DUPLICATE_METHOD_MATCH = YES;
				COPY_PHASE_STRIP = NO;
				DEBUG_INFORMATION_FORMAT = dwarf;
				ENABLE_STRICT_OBJC_MSGSEND = YES;
				ENABLE_TESTABILITY = YES;
				GCC_C_LANGUAGE_STANDARD = gnu11;
				GCC_DYNAMIC_NO_PIC = NO;
				GCC_NO_COMMON_BLOCKS = YES;
				GCC_OPTIMIZATION_LEVEL = 0;
				GCC_PREPROCESSOR_DEFINITIONS = (
					"DEBUG=1",
					"$(inherited)",
				);
				GCC_WARN_64_TO_32_BIT_CONVERSION = YES;
				GCC_WARN_ABOUT_RETURN_TYPE = YES_ERROR;
				GCC_WARN_UNDECLARED_SELECTOR = YES;
				GCC_WARN_UNINITIALIZED_AUTOS = YES_AGGRESSIVE;
				GCC_WARN_UNUSED_FUNCTION = YES;
				GCC_WARN_UNUSED_VARIABLE = YES;
				IPHONEOS_DEPLOYMENT_TARGET = 16.2;
				MTL_ENABLE_DEBUG_INFO = INCLUDE_SOURCE;
				MTL_FAST_MATH = YES;
				ONLY_ACTIVE_ARCH = YES;
				SDKROOT = iphoneos;
				SWIFT_ACTIVE_COMPILATION_CONDITIONS = DEBUG;
				SWIFT_OPTIMIZATION_LEVEL = "-Onone";
			};
			name = Debug;
		};
		7FEB59912A3F7C900042806B /* Release */ = {
			isa = XCBuildConfiguration;
			buildSettings = {
				ALWAYS_SEARCH_USER_PATHS = NO;
				CLANG_ANALYZER_NONNULL = YES;
				CLANG_ANALYZER_NUMBER_OBJECT_CONVERSION = YES_AGGRESSIVE;
				CLANG_CXX_LANGUAGE_STANDARD = "gnu++20";
				CLANG_ENABLE_MODULES = YES;
				CLANG_ENABLE_OBJC_ARC = YES;
				CLANG_ENABLE_OBJC_WEAK = YES;
				CLANG_WARN_BLOCK_CAPTURE_AUTORELEASING = YES;
				CLANG_WARN_BOOL_CONVERSION = YES;
				CLANG_WARN_COMMA = YES;
				CLANG_WARN_CONSTANT_CONVERSION = YES;
				CLANG_WARN_DEPRECATED_OBJC_IMPLEMENTATIONS = YES;
				CLANG_WARN_DIRECT_OBJC_ISA_USAGE = YES_ERROR;
				CLANG_WARN_DOCUMENTATION_COMMENTS = YES;
				CLANG_WARN_EMPTY_BODY = YES;
				CLANG_WARN_ENUM_CONVERSION = YES;
				CLANG_WARN_INFINITE_RECURSION = YES;
				CLANG_WARN_INT_CONVERSION = YES;
				CLANG_WARN_NON_LITERAL_NULL_CONVERSION = YES;
				CLANG_WARN_OBJC_IMPLICIT_RETAIN_SELF = YES;
				CLANG_WARN_OBJC_LITERAL_CONVERSION = YES;
				CLANG_WARN_OBJC_ROOT_CLASS = YES_ERROR;
				CLANG_WARN_QUOTED_INCLUDE_IN_FRAMEWORK_HEADER = YES;
				CLANG_WARN_RANGE_LOOP_ANALYSIS = YES;
				CLANG_WARN_STRICT_PROTOTYPES = YES;
				CLANG_WARN_SUSPICIOUS_MOVE = YES;
				CLANG_WARN_UNGUARDED_AVAILABILITY = YES_AGGRESSIVE;
				CLANG_WARN_UNREACHABLE_CODE = YES;
				CLANG_WARN__DUPLICATE_METHOD_MATCH = YES;
				COPY_PHASE_STRIP = NO;
				DEBUG_INFORMATION_FORMAT = "dwarf-with-dsym";
				ENABLE_NS_ASSERTIONS = NO;
				ENABLE_STRICT_OBJC_MSGSEND = YES;
				GCC_C_LANGUAGE_STANDARD = gnu11;
				GCC_NO_COMMON_BLOCKS = YES;
				GCC_WARN_64_TO_32_BIT_CONVERSION = YES;
				GCC_WARN_ABOUT_RETURN_TYPE = YES_ERROR;
				GCC_WARN_UNDECLARED_SELECTOR = YES;
				GCC_WARN_UNINITIALIZED_AUTOS = YES_AGGRESSIVE;
				GCC_WARN_UNUSED_FUNCTION = YES;
				GCC_WARN_UNUSED_VARIABLE = YES;
				IPHONEOS_DEPLOYMENT_TARGET = 16.2;
				MTL_ENABLE_DEBUG_INFO = NO;
				MTL_FAST_MATH = YES;
				SDKROOT = iphoneos;
				SWIFT_COMPILATION_MODE = wholemodule;
				SWIFT_OPTIMIZATION_LEVEL = "-O";
				VALIDATE_PRODUCT = YES;
			};
			name = Release;
		};
		7FEB59932A3F7C900042806B /* Debug */ = {
			isa = XCBuildConfiguration;
			baseConfigurationReference = 85B05322CA9C8BD2F142A1E7 /* Pods-RepoTask.debug.xcconfig */;
			buildSettings = {
				ASSETCATALOG_COMPILER_APPICON_NAME = AppIcon;
				ASSETCATALOG_COMPILER_GLOBAL_ACCENT_COLOR_NAME = AccentColor;
				CODE_SIGN_STYLE = Automatic;
				CURRENT_PROJECT_VERSION = 1;
				DEVELOPMENT_TEAM = 8632GR7884;
				GENERATE_INFOPLIST_FILE = YES;
				INFOPLIST_FILE = RepoTask/Info.plist;
				INFOPLIST_KEY_CFBundleDisplayName = RepoList;
				INFOPLIST_KEY_UIApplicationSupportsIndirectInputEvents = YES;
				INFOPLIST_KEY_UILaunchStoryboardName = LaunchScreen;
				INFOPLIST_KEY_UIMainStoryboardFile = Main;
				INFOPLIST_KEY_UIRequiresFullScreen = YES;
				INFOPLIST_KEY_UISupportedInterfaceOrientations = UIInterfaceOrientationPortrait;
				IPHONEOS_DEPLOYMENT_TARGET = 13.0;
				LD_RUNPATH_SEARCH_PATHS = (
					"$(inherited)",
					"@executable_path/Frameworks",
				);
				MARKETING_VERSION = 1.0;
				PRODUCT_BUNDLE_IDENTIFIER = com.MinaHanna.RepoTask;
				PRODUCT_NAME = "$(TARGET_NAME)";
				SWIFT_EMIT_LOC_STRINGS = YES;
				SWIFT_VERSION = 5.0;
				TARGETED_DEVICE_FAMILY = "1,2";
			};
			name = Debug;
		};
		7FEB59942A3F7C900042806B /* Release */ = {
			isa = XCBuildConfiguration;
			baseConfigurationReference = D34EFA748C0D291C6564F32B /* Pods-RepoTask.release.xcconfig */;
			buildSettings = {
				ASSETCATALOG_COMPILER_APPICON_NAME = AppIcon;
				ASSETCATALOG_COMPILER_GLOBAL_ACCENT_COLOR_NAME = AccentColor;
				CODE_SIGN_STYLE = Automatic;
				CURRENT_PROJECT_VERSION = 1;
				DEVELOPMENT_TEAM = 8632GR7884;
				GENERATE_INFOPLIST_FILE = YES;
				INFOPLIST_FILE = RepoTask/Info.plist;
				INFOPLIST_KEY_CFBundleDisplayName = RepoList;
				INFOPLIST_KEY_UIApplicationSupportsIndirectInputEvents = YES;
				INFOPLIST_KEY_UILaunchStoryboardName = LaunchScreen;
				INFOPLIST_KEY_UIMainStoryboardFile = Main;
				INFOPLIST_KEY_UIRequiresFullScreen = YES;
				INFOPLIST_KEY_UISupportedInterfaceOrientations = UIInterfaceOrientationPortrait;
				IPHONEOS_DEPLOYMENT_TARGET = 13.0;
				LD_RUNPATH_SEARCH_PATHS = (
					"$(inherited)",
					"@executable_path/Frameworks",
				);
				MARKETING_VERSION = 1.0;
				PRODUCT_BUNDLE_IDENTIFIER = com.MinaHanna.RepoTask;
				PRODUCT_NAME = "$(TARGET_NAME)";
				SWIFT_EMIT_LOC_STRINGS = YES;
				SWIFT_VERSION = 5.0;
				TARGETED_DEVICE_FAMILY = "1,2";
			};
			name = Release;
		};
		7FEB59962A3F7C900042806B /* Debug */ = {
			isa = XCBuildConfiguration;
			baseConfigurationReference = 5DCA099C4FD813E84238EF93 /* Pods-RepoTaskTests.debug.xcconfig */;
			buildSettings = {
				ALWAYS_EMBED_SWIFT_STANDARD_LIBRARIES = YES;
				BUNDLE_LOADER = "$(TEST_HOST)";
				CODE_SIGN_STYLE = Automatic;
				CURRENT_PROJECT_VERSION = 1;
				DEVELOPMENT_TEAM = 8632GR7884;
				GENERATE_INFOPLIST_FILE = YES;
				IPHONEOS_DEPLOYMENT_TARGET = 16.2;
				MARKETING_VERSION = 1.0;
				PRODUCT_BUNDLE_IDENTIFIER = com.MinaHanna.RepoTaskTests;
				PRODUCT_NAME = "$(TARGET_NAME)";
				SWIFT_EMIT_LOC_STRINGS = NO;
				SWIFT_VERSION = 5.0;
				TARGETED_DEVICE_FAMILY = "1,2";
				TEST_HOST = "$(BUILT_PRODUCTS_DIR)/RepoTask.app/$(BUNDLE_EXECUTABLE_FOLDER_PATH)/RepoTask";
			};
			name = Debug;
		};
		7FEB59972A3F7C900042806B /* Release */ = {
			isa = XCBuildConfiguration;
			baseConfigurationReference = 6D1B538FD21F22B07CC565A3 /* Pods-RepoTaskTests.release.xcconfig */;
			buildSettings = {
				ALWAYS_EMBED_SWIFT_STANDARD_LIBRARIES = YES;
				BUNDLE_LOADER = "$(TEST_HOST)";
				CODE_SIGN_STYLE = Automatic;
				CURRENT_PROJECT_VERSION = 1;
				DEVELOPMENT_TEAM = 8632GR7884;
				GENERATE_INFOPLIST_FILE = YES;
				IPHONEOS_DEPLOYMENT_TARGET = 16.2;
				MARKETING_VERSION = 1.0;
				PRODUCT_BUNDLE_IDENTIFIER = com.MinaHanna.RepoTaskTests;
				PRODUCT_NAME = "$(TARGET_NAME)";
				SWIFT_EMIT_LOC_STRINGS = NO;
				SWIFT_VERSION = 5.0;
				TARGETED_DEVICE_FAMILY = "1,2";
				TEST_HOST = "$(BUILT_PRODUCTS_DIR)/RepoTask.app/$(BUNDLE_EXECUTABLE_FOLDER_PATH)/RepoTask";
			};
			name = Release;
		};
		7FEB59992A3F7C900042806B /* Debug */ = {
			isa = XCBuildConfiguration;
			baseConfigurationReference = 79D047D8B39FB3D13B78E504 /* Pods-RepoTask-RepoTaskUITests.debug.xcconfig */;
			buildSettings = {
				ALWAYS_EMBED_SWIFT_STANDARD_LIBRARIES = YES;
				CODE_SIGN_STYLE = Automatic;
				CURRENT_PROJECT_VERSION = 1;
				DEVELOPMENT_TEAM = 8632GR7884;
				GENERATE_INFOPLIST_FILE = YES;
				MARKETING_VERSION = 1.0;
				PRODUCT_BUNDLE_IDENTIFIER = com.MinaHanna.RepoTaskUITests;
				PRODUCT_NAME = "$(TARGET_NAME)";
				SWIFT_EMIT_LOC_STRINGS = NO;
				SWIFT_VERSION = 5.0;
				TARGETED_DEVICE_FAMILY = "1,2";
				TEST_TARGET_NAME = RepoTask;
			};
			name = Debug;
		};
		7FEB599A2A3F7C900042806B /* Release */ = {
			isa = XCBuildConfiguration;
			baseConfigurationReference = 04742A986E4F66F4EA46F466 /* Pods-RepoTask-RepoTaskUITests.release.xcconfig */;
			buildSettings = {
				ALWAYS_EMBED_SWIFT_STANDARD_LIBRARIES = YES;
				CODE_SIGN_STYLE = Automatic;
				CURRENT_PROJECT_VERSION = 1;
				DEVELOPMENT_TEAM = 8632GR7884;
				GENERATE_INFOPLIST_FILE = YES;
				MARKETING_VERSION = 1.0;
				PRODUCT_BUNDLE_IDENTIFIER = com.MinaHanna.RepoTaskUITests;
				PRODUCT_NAME = "$(TARGET_NAME)";
				SWIFT_EMIT_LOC_STRINGS = NO;
				SWIFT_VERSION = 5.0;
				TARGETED_DEVICE_FAMILY = "1,2";
				TEST_TARGET_NAME = RepoTask;
			};
			name = Release;
		};
/* End XCBuildConfiguration section */

/* Begin XCConfigurationList section */
		7FEB59602A3F7C8D0042806B /* Build configuration list for PBXProject "RepoTask" */ = {
			isa = XCConfigurationList;
			buildConfigurations = (
				7FEB59902A3F7C900042806B /* Debug */,
				7FEB59912A3F7C900042806B /* Release */,
			);
			defaultConfigurationIsVisible = 0;
			defaultConfigurationName = Release;
		};
		7FEB59922A3F7C900042806B /* Build configuration list for PBXNativeTarget "RepoTask" */ = {
			isa = XCConfigurationList;
			buildConfigurations = (
				7FEB59932A3F7C900042806B /* Debug */,
				7FEB59942A3F7C900042806B /* Release */,
			);
			defaultConfigurationIsVisible = 0;
			defaultConfigurationName = Release;
		};
		7FEB59952A3F7C900042806B /* Build configuration list for PBXNativeTarget "RepoTaskTests" */ = {
			isa = XCConfigurationList;
			buildConfigurations = (
				7FEB59962A3F7C900042806B /* Debug */,
				7FEB59972A3F7C900042806B /* Release */,
			);
			defaultConfigurationIsVisible = 0;
			defaultConfigurationName = Release;
		};
		7FEB59982A3F7C900042806B /* Build configuration list for PBXNativeTarget "RepoTaskUITests" */ = {
			isa = XCConfigurationList;
			buildConfigurations = (
				7FEB59992A3F7C900042806B /* Debug */,
				7FEB599A2A3F7C900042806B /* Release */,
			);
			defaultConfigurationIsVisible = 0;
			defaultConfigurationName = Release;
		};
/* End XCConfigurationList section */

/* Begin XCVersionGroup section */
		7FEB59712A3F7C8D0042806B /* RepoTask.xcdatamodeld */ = {
			isa = XCVersionGroup;
			children = (
				7FEB59722A3F7C8D0042806B /* RepoTask.xcdatamodel */,
			);
			currentVersion = 7FEB59722A3F7C8D0042806B /* RepoTask.xcdatamodel */;
			path = RepoTask.xcdatamodeld;
			sourceTree = "<group>";
			versionGroupType = wrapper.xcdatamodel;
		};
/* End XCVersionGroup section */
	};
	rootObject = 7FEB595D2A3F7C8D0042806B /* Project object */;
}
